
Microsoft Visual Studio Solution File, Format Version 12.00
# Visual Studio 2012
Project("{FAE04EC0-301F-11D3-BF4B-00C04F79EFBC}") = "Beetle.RedisClient.TestLib", "Beetle.RedisClient.TestLib\Beetle.RedisClient.TestLib.csproj", "{5E0319C9-1C50-412C-BEDB-F64E0495ED4C}"
EndProject
Project("{FAE04EC0-301F-11D3-BF4B-00C04F79EFBC}") = "Beetle.Redis", "Beetle.Redis\Beetle.Redis.csproj", "{FBA6B322-DEF8-4819-BC0D-F98FD9273196}"
EndProject
Global
	GlobalSection(SolutionConfigurationPlatforms) = preSolution
		Debug|Any CPU = Debug|Any CPU
		Release|Any CPU = Release|Any CPU
	EndGlobalSection
	GlobalSection(ProjectConfigurationPlatforms) = postSolution
		{5E0319C9-1C50-412C-BEDB-F64E0495ED4C}.Debug|Any CPU.ActiveCfg = Debug|Any CPU
		{5E0319C9-1C50-412C-BEDB-F64E0495ED4C}.Debug|Any CPU.Build.0 = Debug|Any CPU
		{5E0319C9-1C50-412C-BEDB-F64E0495ED4C}.Release|Any CPU.ActiveCfg = Release|Any CPU
		{5E0319C9-1C50-412C-BEDB-F64E0495ED4C}.Release|Any CPU.Build.0 = Release|Any CPU
		{FBA6B322-DEF8-4819-BC0D-F98FD9273196}.Debug|Any CPU.ActiveCfg = Debug|Any CPU
		{FBA6B322-DEF8-4819-BC0D-F98FD9273196}.Debug|Any CPU.Build.0 = Debug|Any CPU
		{FBA6B322-DEF8-4819-BC0D-F98FD9273196}.Release|Any CPU.ActiveCfg = Release|Any CPU
		{FBA6B322-DEF8-4819-BC0D-F98FD9273196}.Release|Any CPU.Build.0 = Release|Any CPU
	EndGlobalSection
	GlobalSection(SolutionProperties) = preSolution
		HideSolutionNode = FALSE
	EndGlobalSection
EndGlobal
